
Microsoft Visual Studio Solution File, Format Version 12.00
# Visual Studio Version 17
VisualStudioVersion = 17.14.36301.6 d17.14
MinimumVisualStudioVersion = 10.0.40219.1
Project("{FAE04EC0-301F-11D3-BF4B-00C04F79EFBC}") = "footballLeagueApi", "footballLeagueApi.csproj", "{3485EA0B-826A-4D25-949F-4F99E84EB18C}"
EndProject
Global
	GlobalSection(SolutionConfigurationPlatforms) = preSolution
		Debug|Any CPU = Debug|Any CPU
		Release|Any CPU = Release|Any CPU
	EndGlobalSection
	GlobalSection(ProjectConfigurationPlatforms) = postSolution
		{3485EA0B-826A-4D25-949F-4F99E84EB18C}.Debug|Any CPU.ActiveCfg = Debug|Any CPU
		{3485EA0B-826A-4D25-949F-4F99E84EB18C}.Debug|Any CPU.Build.0 = Debug|Any CPU
		{3485EA0B-826A-4D25-949F-4F99E84EB18C}.Release|Any CPU.ActiveCfg = Release|Any CPU
		{3485EA0B-826A-4D25-949F-4F99E84EB18C}.Release|Any CPU.Build.0 = Release|Any CPU
	EndGlobalSection
	GlobalSection(SolutionProperties) = preSolution
		HideSolutionNode = FALSE
	EndGlobalSection
	GlobalSection(ExtensibilityGlobals) = postSolution
		SolutionGuid = {D13CAC8A-D0BA-437B-BEC7-6FE318CF06C7}
	EndGlobalSection
EndGlobal
